
Microsoft Visual Studio Solution File, Format Version 12.00
# Visual Studio Version 17
VisualStudioVersion = 17.3.32901.215
MinimumVisualStudioVersion = 10.0.40219.1
Project("{FAE04EC0-301F-11D3-BF4B-00C04F79EFBC}") = "Calculator", "Calculator.csproj", "{DB0FDF07-701F-40E9-A28F-819194404819}"
EndProject
Global
	GlobalSection(SolutionConfigurationPlatforms) = preSolution
		Debug|Any CPU = Debug|Any CPU
		Release|Any CPU = Release|Any CPU
	EndGlobalSection
	GlobalSection(ProjectConfigurationPlatforms) = postSolution
		{DB0FDF07-701F-40E9-A28F-819194404819}.Debug|Any CPU.ActiveCfg = Debug|Any CPU
		{DB0FDF07-701F-40E9-A28F-819194404819}.Debug|Any CPU.Build.0 = Debug|Any CPU
		{DB0FDF07-701F-40E9-A28F-819194404819}.Release|Any CPU.ActiveCfg = Release|Any CPU
		{DB0FDF07-701F-40E9-A28F-819194404819}.Release|Any CPU.Build.0 = Release|Any CPU
	EndGlobalSection
	GlobalSection(SolutionProperties) = preSolution
		HideSolutionNode = FALSE
	EndGlobalSection
	GlobalSection(ExtensibilityGlobals) = postSolution
		SolutionGuid = {BE3B29B4-7F3B-4C3E-AB0E-A0BD2B241A34}
	EndGlobalSection
EndGlobal
